
Microsoft Visual Studio Solution File, Format Version 12.00
# Visual Studio Version 17
VisualStudioVersion = 17.7.34202.233
MinimumVisualStudioVersion = 10.0.40219.1
Project("{FAE04EC0-301F-11D3-BF4B-00C04F79EFBC}") = "pet", "pet.csproj", "{E10B6A28-240E-4892-8159-02B8E6B2AD1B}"
EndProject
Global
	GlobalSection(SolutionConfigurationPlatforms) = preSolution
		Debug|Any CPU = Debug|Any CPU
		Release|Any CPU = Release|Any CPU
	EndGlobalSection
	GlobalSection(ProjectConfigurationPlatforms) = postSolution
		{E10B6A28-240E-4892-8159-02B8E6B2AD1B}.Debug|Any CPU.ActiveCfg = Debug|Any CPU
		{E10B6A28-240E-4892-8159-02B8E6B2AD1B}.Debug|Any CPU.Build.0 = Debug|Any CPU
		{E10B6A28-240E-4892-8159-02B8E6B2AD1B}.Release|Any CPU.ActiveCfg = Release|Any CPU
		{E10B6A28-240E-4892-8159-02B8E6B2AD1B}.Release|Any CPU.Build.0 = Release|Any CPU
	EndGlobalSection
	GlobalSection(SolutionProperties) = preSolution
		HideSolutionNode = FALSE
	EndGlobalSection
	GlobalSection(ExtensibilityGlobals) = postSolution
		SolutionGuid = {6459C8DA-0CFE-4A93-B43C-8330AE30C9D1}
	EndGlobalSection
EndGlobal
